// !$*UTF8*$!
{
	archiveVersion = 1;
	classes = {
	};
	objectVersion = 50;
	objects = {

/* Begin PBXBuildFile section */
		223ACB742529CEC30096EF54 /* InputExperimentApp.swift in Sources */ = {isa = PBXBuildFile; fileRef = 223ACB732529CEC30096EF54 /* InputExperimentApp.swift */; };
		223ACB762529CEC30096EF54 /* ContentView.swift in Sources */ = {isa = PBXBuildFile; fileRef = 223ACB752529CEC30096EF54 /* ContentView.swift */; };
		223ACB782529CEC40096EF54 /* Assets.xcassets in Resources */ = {isa = PBXBuildFile; fileRef = 223ACB772529CEC40096EF54 /* Assets.xcassets */; };
		223ACB7B2529CEC40096EF54 /* Preview Assets.xcassets in Resources */ = {isa = PBXBuildFile; fileRef = 223ACB7A2529CEC40096EF54 /* Preview Assets.xcassets */; };
		223ACB862529CEC40096EF54 /* InputExperimentTests.swift in Sources */ = {isa = PBXBuildFile; fileRef = 223ACB852529CEC40096EF54 /* InputExperimentTests.swift */; };
		223ACB912529CEC40096EF54 /* InputExperimentUITests.swift in Sources */ = {isa = PBXBuildFile; fileRef = 223ACB902529CEC40096EF54 /* InputExperimentUITests.swift */; };
/* End PBXBuildFile section */

/* Begin PBXContainerItemProxy section */
		223ACB822529CEC40096EF54 /* PBXContainerItemProxy */ = {
			isa = PBXContainerItemProxy;
			containerPortal = 223ACB682529CEC30096EF54 /* Project object */;
			proxyType = 1;
			remoteGlobalIDString = 223ACB6F2529CEC30096EF54;
			remoteInfo = InputExperiment;
		};
		223ACB8D2529CEC40096EF54 /* PBXContainerItemProxy */ = {
			isa = PBXContainerItemProxy;
			containerPortal = 223ACB682529CEC30096EF54 /* Project object */;
			proxyType = 1;
			remoteGlobalIDString = 223ACB6F2529CEC30096EF54;
			remoteInfo = InputExperiment;
		};
/* End PBXContainerItemProxy section */

/* Begin PBXFileReference section */
		223ACB702529CEC30096EF54 /* InputExperiment.app */ = {isa = PBXFileReference; explicitFileType = wrapper.application; includeInIndex = 0; path = InputExperiment.app; sourceTree = BUILT_PRODUCTS_DIR; };
		223ACB732529CEC30096EF54 /* InputExperimentApp.swift */ = {isa = PBXFileReference; lastKnownFileType = sourcecode.swift; path = InputExperimentApp.swift; sourceTree = "<group>"; };
		223ACB752529CEC30096EF54 /* ContentView.swift */ = {isa = PBXFileReference; lastKnownFileType = sourcecode.swift; path = ContentView.swift; sourceTree = "<group>"; };
		223ACB772529CEC40096EF54 /* Assets.xcassets */ = {isa = PBXFileReference; lastKnownFileType = folder.assetcatalog; path = Assets.xcassets; sourceTree = "<group>"; };
		223ACB7A2529CEC40096EF54 /* Preview Assets.xcassets */ = {isa = PBXFileReference; lastKnownFileType = folder.assetcatalog; path = "Preview Assets.xcassets"; sourceTree = "<group>"; };
		223ACB7C2529CEC40096EF54 /* Info.plist */ = {isa = PBXFileReference; lastKnownFileType = text.plist.xml; path = Info.plist; sourceTree = "<group>"; };
		223ACB812529CEC40096EF54 /* InputExperimentTests.xctest */ = {isa = PBXFileReference; explicitFileType = wrapper.cfbundle; includeInIndex = 0; path = InputExperimentTests.xctest; sourceTree = BUILT_PRODUCTS_DIR; };
		223ACB852529CEC40096EF54 /* InputExperimentTests.swift */ = {isa = PBXFileReference; lastKnownFileType = sourcecode.swift; path = InputExperimentTests.swift; sourceTree = "<group>"; };
		223ACB872529CEC40096EF54 /* Info.plist */ = {isa = PBXFileReference; lastKnownFileType = text.plist.xml; path = Info.plist; sourceTree = "<group>"; };
		223ACB8C2529CEC40096EF54 /* InputExperimentUITests.xctest */ = {isa = PBXFileReference; explicitFileType = wrapper.cfbundle; includeInIndex = 0; path = InputExperimentUITests.xctest; sourceTree = BUILT_PRODUCTS_DIR; };
		223ACB902529CEC40096EF54 /* InputExperimentUITests.swift */ = {isa = PBXFileReference; lastKnownFileType = sourcecode.swift; path = InputExperimentUITests.swift; sourceTree = "<group>"; };
		223ACB922529CEC40096EF54 /* Info.plist */ = {isa = PBXFileReference; lastKnownFileType = text.plist.xml; path = Info.plist; sourceTree = "<group>"; };
/* End PBXFileReference section */

/* Begin PBXFrameworksBuildPhase section */
		223ACB6D2529CEC30096EF54 /* Frameworks */ = {
			isa = PBXFrameworksBuildPhase;
			buildActionMask = 2147483647;
			files = (
			);
			runOnlyForDeploymentPostprocessing = 0;
		};
		223ACB7E2529CEC40096EF54 /* Frameworks */ = {
			isa = PBXFrameworksBuildPhase;
			buildActionMask = 2147483647;
			files = (
			);
			runOnlyForDeploymentPostprocessing = 0;
		};
		223ACB892529CEC40096EF54 /* Frameworks */ = {
			isa = PBXFrameworksBuildPhase;
			buildActionMask = 2147483647;
			files = (
			);
			runOnlyForDeploymentPostprocessing = 0;
		};
/* End PBXFrameworksBuildPhase section */

/* Begin PBXGroup section */
		223ACB672529CEC30096EF54 = {
			isa = PBXGroup;
			children = (
				223ACB722529CEC30096EF54 /* InputExperiment */,
				223ACB842529CEC40096EF54 /* InputExperimentTests */,
				223ACB8F2529CEC40096EF54 /* InputExperimentUITests */,
				223ACB712529CEC30096EF54 /* Products */,
			);
			sourceTree = "<group>";
		};
		223ACB712529CEC30096EF54 /* Products */ = {
			isa = PBXGroup;
			children = (
				223ACB702529CEC30096EF54 /* InputExperiment.app */,
				223ACB812529CEC40096EF54 /* InputExperimentTests.xctest */,
				223ACB8C2529CEC40096EF54 /* InputExperimentUITests.xctest */,
			);
			name = Products;
			sourceTree = "<group>";
		};
		223ACB722529CEC30096EF54 /* InputExperiment */ = {
			isa = PBXGroup;
			children = (
				223ACB732529CEC30096EF54 /* InputExperimentApp.swift */,
				223ACB752529CEC30096EF54 /* ContentView.swift */,
				223ACB772529CEC40096EF54 /* Assets.xcassets */,
				223ACB7C2529CEC40096EF54 /* Info.plist */,
				223ACB792529CEC40096EF54 /* Preview Content */,
			);
			path = InputExperiment;
			sourceTree = "<group>";
		};
		223ACB792529CEC40096EF54 /* Preview Content */ = {
			isa = PBXGroup;
			children = (
				223ACB7A2529CEC40096EF54 /* Preview Assets.xcassets */,
			);
			path = "Preview Content";
			sourceTree = "<group>";
		};
		223ACB842529CEC40096EF54 /* InputExperimentTests */ = {
			isa = PBXGroup;
			children = (
				223ACB852529CEC40096EF54 /* InputExperimentTests.swift */,
				223ACB872529CEC40096EF54 /* Info.plist */,
			);
			path = InputExperimentTests;
			sourceTree = "<group>";
		};
		223ACB8F2529CEC40096EF54 /* InputExperimentUITests */ = {
			isa = PBXGroup;
			children = (
				223ACB902529CEC40096EF54 /* InputExperimentUITests.swift */,
				223ACB922529CEC40096EF54 /* Info.plist */,
			);
			path = InputExperimentUITests;
			sourceTree = "<group>";
		};
/* End PBXGroup section */

/* Begin PBXNativeTarget section */
		223ACB6F2529CEC30096EF54 /* InputExperiment */ = {
			isa = PBXNativeTarget;
			buildConfigurationList = 223ACB952529CEC40096EF54 /* Build configuration list for PBXNativeTarget "InputExperiment" */;
			buildPhases = (
				223ACB6C2529CEC30096EF54 /* Sources */,
				223ACB6D2529CEC30096EF54 /* Frameworks */,
				223ACB6E2529CEC30096EF54 /* Resources */,
			);
			buildRules = (
			);
			dependencies = (
			);
			name = InputExperiment;
			productName = InputExperiment;
			productReference = 223ACB702529CEC30096EF54 /* InputExperiment.app */;
			productType = "com.apple.product-type.application";
		};
		223ACB802529CEC40096EF54 /* InputExperimentTests */ = {
			isa = PBXNativeTarget;
			buildConfigurationList = 223ACB982529CEC40096EF54 /* Build configuration list for PBXNativeTarget "InputExperimentTests" */;
			buildPhases = (
				223ACB7D2529CEC40096EF54 /* Sources */,
				223ACB7E2529CEC40096EF54 /* Frameworks */,
				223ACB7F2529CEC40096EF54 /* Resources */,
			);
			buildRules = (
			);
			dependencies = (
				223ACB832529CEC40096EF54 /* PBXTargetDependency */,
			);
			name = InputExperimentTests;
			productName = InputExperimentTests;
			productReference = 223ACB812529CEC40096EF54 /* InputExperimentTests.xctest */;
			productType = "com.apple.product-type.bundle.unit-test";
		};
		223ACB8B2529CEC40096EF54 /* InputExperimentUITests */ = {
			isa = PBXNativeTarget;
			buildConfigurationList = 223ACB9B2529CEC40096EF54 /* Build configuration list for PBXNativeTarget "InputExperimentUITests" */;
			buildPhases = (
				223ACB882529CEC40096EF54 /* Sources */,
				223ACB892529CEC40096EF54 /* Frameworks */,
				223ACB8A2529CEC40096EF54 /* Resources */,
			);
			buildRules = (
			);
			dependencies = (
				223ACB8E2529CEC40096EF54 /* PBXTargetDependency */,
			);
			name = InputExperimentUITests;
			productName = InputExperimentUITests;
			productReference = 223ACB8C2529CEC40096EF54 /* InputExperimentUITests.xctest */;
			productType = "com.apple.product-type.bundle.ui-testing";
		};
/* End PBXNativeTarget section */

/* Begin PBXProject section */
		223ACB682529CEC30096EF54 /* Project object */ = {
			isa = PBXProject;
			attributes = {
				LastSwiftUpdateCheck = 1200;
				LastUpgradeCheck = 1200;
				TargetAttributes = {
					223ACB6F2529CEC30096EF54 = {
						CreatedOnToolsVersion = 12.0.1;
					};
					223ACB802529CEC40096EF54 = {
						CreatedOnToolsVersion = 12.0.1;
						TestTargetID = 223ACB6F2529CEC30096EF54;
					};
					223ACB8B2529CEC40096EF54 = {
						CreatedOnToolsVersion = 12.0.1;
						TestTargetID = 223ACB6F2529CEC30096EF54;
					};
				};
			};
			buildConfigurationList = 223ACB6B2529CEC30096EF54 /* Build configuration list for PBXProject "InputExperiment" */;
			compatibilityVersion = "Xcode 9.3";
			developmentRegion = en;
			hasScannedForEncodings = 0;
			knownRegions = (
				en,
				Base,
			);
			mainGroup = 223ACB672529CEC30096EF54;
			productRefGroup = 223ACB712529CEC30096EF54 /* Products */;
			projectDirPath = "";
			projectRoot = "";
			targets = (
				223ACB6F2529CEC30096EF54 /* InputExperiment */,
				223ACB802529CEC40096EF54 /* InputExperimentTests */,
				223ACB8B2529CEC40096EF54 /* InputExperimentUITests */,
			);
		};
/* End PBXProject section */

/* Begin PBXResourcesBuildPhase section */
		223ACB6E2529CEC30096EF54 /* Resources */ = {
			isa = PBXResourcesBuildPhase;
			buildActionMask = 2147483647;
			files = (
				223ACB7B2529CEC40096EF54 /* Preview Assets.xcassets in Resources */,
				223ACB782529CEC40096EF54 /* Assets.xcassets in Resources */,
			);
			runOnlyForDeploymentPostprocessing = 0;
		};
		223ACB7F2529CEC40096EF54 /* Resources */ = {
			isa = PBXResourcesBuildPhase;
			buildActionMask = 2147483647;
			files = (
			);
			runOnlyForDeploymentPostprocessing = 0;
		};
		223ACB8A2529CEC40096EF54 /* Resources */ = {
			isa = PBXResourcesBuildPhase;
			buildActionMask = 2147483647;
			files = (
			);
			runOnlyForDeploymentPostprocessing = 0;
		};
/* End PBXResourcesBuildPhase section */

/* Begin PBXSourcesBuildPhase section */
		223ACB6C2529CEC30096EF54 /* Sources */ = {
			isa = PBXSourcesBuildPhase;
			buildActionMask = 2147483647;
			files = (
				223ACB762529CEC30096EF54 /* ContentView.swift in Sources */,
				223ACB742529CEC30096EF54 /* InputExperimentApp.swift in Sources */,
			);
			runOnlyForDeploymentPostprocessing = 0;
		};
		223ACB7D2529CEC40096EF54 /* Sources */ = {
			isa = PBXSourcesBuildPhase;
			buildActionMask = 2147483647;
			files = (
				223ACB862529CEC40096EF54 /* InputExperimentTests.swift in Sources */,
			);
			runOnlyForDeploymentPostprocessing = 0;
		};
		223ACB882529CEC40096EF54 /* Sources */ = {
			isa = PBXSourcesBuildPhase;
			buildActionMask = 2147483647;
			files = (
				223ACB912529CEC40096EF54 /* InputExperimentUITests.swift in Sources */,
			);
			runOnlyForDeploymentPostprocessing = 0;
		};
/* End PBXSourcesBuildPhase section */

/* Begin PBXTargetDependency section */
		223ACB832529CEC40096EF54 /* PBXTargetDependency */ = {
			isa = PBXTargetDependency;
			target = 223ACB6F2529CEC30096EF54 /* InputExperiment */;
			targetProxy = 223ACB822529CEC40096EF54 /* PBXContainerItemProxy */;
		};
		223ACB8E2529CEC40096EF54 /* PBXTargetDependency */ = {
			isa = PBXTargetDependency;
			target = 223ACB6F2529CEC30096EF54 /* InputExperiment */;
			targetProxy = 223ACB8D2529CEC40096EF54 /* PBXContainerItemProxy */;
		};
/* End PBXTargetDependency section */

/* Begin XCBuildConfiguration section */
		223ACB932529CEC40096EF54 /* Debug */ = {
			isa = XCBuildConfiguration;
			buildSettings = {
				ALWAYS_SEARCH_USER_PATHS = NO;
				CLANG_ANALYZER_NONNULL = YES;
				CLANG_ANALYZER_NUMBER_OBJECT_CONVERSION = YES_AGGRESSIVE;
				CLANG_CXX_LANGUAGE_STANDARD = "gnu++14";
				CLANG_CXX_LIBRARY = "libc++";
				CLANG_ENABLE_MODULES = YES;
				CLANG_ENABLE_OBJC_ARC = YES;
				CLANG_ENABLE_OBJC_WEAK = YES;
				CLANG_WARN_BLOCK_CAPTURE_AUTORELEASING = YES;
				CLANG_WARN_BOOL_CONVERSION = YES;
				CLANG_WARN_COMMA = YES;
				CLANG_WARN_CONSTANT_CONVERSION = YES;
				CLANG_WARN_DEPRECATED_OBJC_IMPLEMENTATIONS = YES;
				CLANG_WARN_DIRECT_OBJC_ISA_USAGE = YES_ERROR;
				CLANG_WARN_DOCUMENTATION_COMMENTS = YES;
				CLANG_WARN_EMPTY_BODY = YES;
				CLANG_WARN_ENUM_CONVERSION = YES;
				CLANG_WARN_INFINITE_RECURSION = YES;
				CLANG_WARN_INT_CONVERSION = YES;
				CLANG_WARN_NON_LITERAL_NULL_CONVERSION = YES;
				CLANG_WARN_OBJC_IMPLICIT_RETAIN_SELF = YES;
				CLANG_WARN_OBJC_LITERAL_CONVERSION = YES;
				CLANG_WARN_OBJC_ROOT_CLASS = YES_ERROR;
				CLANG_WARN_QUOTED_INCLUDE_IN_FRAMEWORK_HEADER = YES;
				CLANG_WARN_RANGE_LOOP_ANALYSIS = YES;
				CLANG_WARN_STRICT_PROTOTYPES = YES;
				CLANG_WARN_SUSPICIOUS_MOVE = YES;
				CLANG_WARN_UNGUARDED_AVAILABILITY = YES_AGGRESSIVE;
				CLANG_WARN_UNREACHABLE_CODE = YES;
				CLANG_WARN__DUPLICATE_METHOD_MATCH = YES;
				COPY_PHASE_STRIP = NO;
				DEBUG_INFORMATION_FORMAT = dwarf;
				ENABLE_STRICT_OBJC_MSGSEND = YES;
				ENABLE_TESTABILITY = YES;
				GCC_C_LANGUAGE_STANDARD = gnu11;
				GCC_DYNAMIC_NO_PIC = NO;
				GCC_NO_COMMON_BLOCKS = YES;
				GCC_OPTIMIZATION_LEVEL = 0;
				GCC_PREPROCESSOR_DEFINITIONS = (
					"DEBUG=1",
					"$(inherited)",
				);
				GCC_WARN_64_TO_32_BIT_CONVERSION = YES;
				GCC_WARN_ABOUT_RETURN_TYPE = YES_ERROR;
				GCC_WARN_UNDECLARED_SELECTOR = YES;
				GCC_WARN_UNINITIALIZED_AUTOS = YES_AGGRESSIVE;
				GCC_WARN_UNUSED_FUNCTION = YES;
				GCC_WARN_UNUSED_VARIABLE = YES;
				IPHONEOS_DEPLOYMENT_TARGET = 14.0;
				MTL_ENABLE_DEBUG_INFO = INCLUDE_SOURCE;
				MTL_FAST_MATH = YES;
				ONLY_ACTIVE_ARCH = YES;
				SDKROOT = iphoneos;
				SWIFT_ACTIVE_COMPILATION_CONDITIONS = DEBUG;
				SWIFT_OPTIMIZATION_LEVEL = "-Onone";
			};
			name = Debug;
		};
		223ACB942529CEC40096EF54 /* Release */ = {
			isa = XCBuildConfiguration;
			buildSettings = {
				ALWAYS_SEARCH_USER_PATHS = NO;
				CLANG_ANALYZER_NONNULL = YES;
				CLANG_ANALYZER_NUMBER_OBJECT_CONVERSION = YES_AGGRESSIVE;
				CLANG_CXX_LANGUAGE_STANDARD = "gnu++14";
				CLANG_CXX_LIBRARY = "libc++";
				CLANG_ENABLE_MODULES = YES;
				CLANG_ENABLE_OBJC_ARC = YES;
				CLANG_ENABLE_OBJC_WEAK = YES;
				CLANG_WARN_BLOCK_CAPTURE_AUTORELEASING = YES;
				CLANG_WARN_BOOL_CONVERSION = YES;
				CLANG_WARN_COMMA = YES;
				CLANG_WARN_CONSTANT_CONVERSION = YES;
				CLANG_WARN_DEPRECATED_OBJC_IMPLEMENTATIONS = YES;
				CLANG_WARN_DIRECT_OBJC_ISA_USAGE = YES_ERROR;
				CLANG_WARN_DOCUMENTATION_COMMENTS = YES;
				CLANG_WARN_EMPTY_BODY = YES;
				CLANG_WARN_ENUM_CONVERSION = YES;
				CLANG_WARN_INFINITE_RECURSION = YES;
				CLANG_WARN_INT_CONVERSION = YES;
				CLANG_WARN_NON_LITERAL_NULL_CONVERSION = YES;
				CLANG_WARN_OBJC_IMPLICIT_RETAIN_SELF = YES;
				CLANG_WARN_OBJC_LITERAL_CONVERSION = YES;
				CLANG_WARN_OBJC_ROOT_CLASS = YES_ERROR;
				CLANG_WARN_QUOTED_INCLUDE_IN_FRAMEWORK_HEADER = YES;
				CLANG_WARN_RANGE_LOOP_ANALYSIS = YES;
				CLANG_WARN_STRICT_PROTOTYPES = YES;
				CLANG_WARN_SUSPICIOUS_MOVE = YES;
				CLANG_WARN_UNGUARDED_AVAILABILITY = YES_AGGRESSIVE;
				CLANG_WARN_UNREACHABLE_CODE = YES;
				CLANG_WARN__DUPLICATE_METHOD_MATCH = YES;
				COPY_PHASE_STRIP = NO;
				DEBUG_INFORMATION_FORMAT = "dwarf-with-dsym";
				ENABLE_NS_ASSERTIONS = NO;
				ENABLE_STRICT_OBJC_MSGSEND = YES;
				GCC_C_LANGUAGE_STANDARD = gnu11;
				GCC_NO_COMMON_BLOCKS = YES;
				GCC_WARN_64_TO_32_BIT_CONVERSION = YES;
				GCC_WARN_ABOUT_RETURN_TYPE = YES_ERROR;
				GCC_WARN_UNDECLARED_SELECTOR = YES;
				GCC_WARN_UNINITIALIZED_AUTOS = YES_AGGRESSIVE;
				GCC_WARN_UNUSED_FUNCTION = YES;
				GCC_WARN_UNUSED_VARIABLE = YES;
				IPHONEOS_DEPLOYMENT_TARGET = 14.0;
				MTL_ENABLE_DEBUG_INFO = NO;
				MTL_FAST_MATH = YES;
				SDKROOT = iphoneos;
				SWIFT_COMPILATION_MODE = wholemodule;
				SWIFT_OPTIMIZATION_LEVEL = "-O";
				VALIDATE_PRODUCT = YES;
			};
			name = Release;
		};
		223ACB962529CEC40096EF54 /* Debug */ = {
			isa = XCBuildConfiguration;
			buildSettings = {
				ASSETCATALOG_COMPILER_APPICON_NAME = AppIcon;
				ASSETCATALOG_COMPILER_GLOBAL_ACCENT_COLOR_NAME = AccentColor;
				CODE_SIGN_STYLE = Automatic;
				DEVELOPMENT_ASSET_PATHS = "\"InputExperiment/Preview Content\"";
				DEVELOPMENT_TEAM = SZR99J9ZFT;
				ENABLE_PREVIEWS = YES;
				INFOPLIST_FILE = InputExperiment/Info.plist;
				IPHONEOS_DEPLOYMENT_TARGET = 14.0;
				LD_RUNPATH_SEARCH_PATHS = (
					"$(inherited)",
					"@executable_path/Frameworks",
				);
				PRODUCT_BUNDLE_IDENTIFIER = com.samgarson.InputExperiment;
				PRODUCT_NAME = "$(TARGET_NAME)";
				SWIFT_VERSION = 5.0;
				TARGETED_DEVICE_FAMILY = "1,2";
			};
			name = Debug;
		};
		223ACB972529CEC40096EF54 /* Release */ = {
			isa = XCBuildConfiguration;
			buildSettings = {
				ASSETCATALOG_COMPILER_APPICON_NAME = AppIcon;
				ASSETCATALOG_COMPILER_GLOBAL_ACCENT_COLOR_NAME = AccentColor;
				CODE_SIGN_STYLE = Automatic;
				DEVELOPMENT_ASSET_PATHS = "\"InputExperiment/Preview Content\"";
				DEVELOPMENT_TEAM = SZR99J9ZFT;
				ENABLE_PREVIEWS = YES;
				INFOPLIST_FILE = InputExperiment/Info.plist;
				IPHONEOS_DEPLOYMENT_TARGET = 14.0;
				LD_RUNPATH_SEARCH_PATHS = (
					"$(inherited)",
					"@executable_path/Frameworks",
				);
				PRODUCT_BUNDLE_IDENTIFIER = com.samgarson.InputExperiment;
				PRODUCT_NAME = "$(TARGET_NAME)";
				SWIFT_VERSION = 5.0;
				TARGETED_DEVICE_FAMILY = "1,2";
			};
			name = Release;
		};
		223ACB992529CEC40096EF54 /* Debug */ = {
			isa = XCBuildConfiguration;
			buildSettings = {
				ALWAYS_EMBED_SWIFT_STANDARD_LIBRARIES = YES;
				BUNDLE_LOADER = "$(TEST_HOST)";
				CODE_SIGN_STYLE = Automatic;
				DEVELOPMENT_TEAM = SZR99J9ZFT;
				INFOPLIST_FILE = InputExperimentTests/Info.plist;
				IPHONEOS_DEPLOYMENT_TARGET = 14.0;
				LD_RUNPATH_SEARCH_PATHS = (
					"$(inherited)",
					"@executable_path/Frameworks",
					"@loader_path/Frameworks",
				);
				PRODUCT_BUNDLE_IDENTIFIER = com.samgarson.InputExperimentTests;
				PRODUCT_NAME = "$(TARGET_NAME)";
				SWIFT_VERSION = 5.0;
				TARGETED_DEVICE_FAMILY = "1,2";
				TEST_HOST = "$(BUILT_PRODUCTS_DIR)/InputExperiment.app/InputExperiment";
			};
			name = Debug;
		};
		223ACB9A2529CEC40096EF54 /* Release */ = {
			isa = XCBuildConfiguration;
			buildSettings = {
				ALWAYS_EMBED_SWIFT_STANDARD_LIBRARIES = YES;
				BUNDLE_LOADER = "$(TEST_HOST)";
				CODE_SIGN_STYLE = Automatic;
				DEVELOPMENT_TEAM = SZR99J9ZFT;
				INFOPLIST_FILE = InputExperimentTests/Info.plist;
				IPHONEOS_DEPLOYMENT_TARGET = 14.0;
				LD_RUNPATH_SEARCH_PATHS = (
					"$(inherited)",
					"@executable_path/Frameworks",
					"@loader_path/Frameworks",
				);
				PRODUCT_BUNDLE_IDENTIFIER = com.samgarson.InputExperimentTests;
				PRODUCT_NAME = "$(TARGET_NAME)";
				SWIFT_VERSION = 5.0;
				TARGETED_DEVICE_FAMILY = "1,2";
				TEST_HOST = "$(BUILT_PRODUCTS_DIR)/InputExperiment.app/InputExperiment";
			};
			name = Release;
		};
		223ACB9C2529CEC40096EF54 /* Debug */ = {
			isa = XCBuildConfiguration;
			buildSettings = {
				ALWAYS_EMBED_SWIFT_STANDARD_LIBRARIES = YES;
				CODE_SIGN_STYLE = Automatic;
				DEVELOPMENT_TEAM = SZR99J9ZFT;
				INFOPLIST_FILE = InputExperimentUITests/Info.plist;
				LD_RUNPATH_SEARCH_PATHS = (
					"$(inherited)",
					"@executable_path/Frameworks",
					"@loader_path/Frameworks",
				);
				PRODUCT_BUNDLE_IDENTIFIER = com.samgarson.InputExperimentUITests;
				PRODUCT_NAME = "$(TARGET_NAME)";
				SWIFT_VERSION = 5.0;
				TARGETED_DEVICE_FAMILY = "1,2";
				TEST_TARGET_NAME = InputExperiment;
			};
			name = Debug;
		};
		223ACB9D2529CEC40096EF54 /* Release */ = {
			isa = XCBuildConfiguration;
			buildSettings = {
				ALWAYS_EMBED_SWIFT_STANDARD_LIBRARIES = YES;
				CODE_SIGN_STYLE = Automatic;
				DEVELOPMENT_TEAM = SZR99J9ZFT;
				INFOPLIST_FILE = InputExperimentUITests/Info.plist;
				LD_RUNPATH_SEARCH_PATHS = (
					"$(inherited)",
					"@executable_path/Frameworks",
					"@loader_path/Frameworks",
				);
				PRODUCT_BUNDLE_IDENTIFIER = com.samgarson.InputExperimentUITests;
				PRODUCT_NAME = "$(TARGET_NAME)";
				SWIFT_VERSION = 5.0;
				TARGETED_DEVICE_FAMILY = "1,2";
				TEST_TARGET_NAME = InputExperiment;
			};
			name = Release;
		};
/* End XCBuildConfiguration section */

/* Begin XCConfigurationList section */
		223ACB6B2529CEC30096EF54 /* Build configuration list for PBXProject "InputExperiment" */ = {
			isa = XCConfigurationList;
			buildConfigurations = (
				223ACB932529CEC40096EF54 /* Debug */,
				223ACB942529CEC40096EF54 /* Release */,
			);
			defaultConfigurationIsVisible = 0;
			defaultConfigurationName = Release;
		};
		223ACB952529CEC40096EF54 /* Build configuration list for PBXNativeTarget "InputExperiment" */ = {
			isa = XCConfigurationList;
			buildConfigurations = (
				223ACB962529CEC40096EF54 /* Debug */,
				223ACB972529CEC40096EF54 /* Release */,
			);
			defaultConfigurationIsVisible = 0;
			defaultConfigurationName = Release;
		};
		223ACB982529CEC40096EF54 /* Build configuration list for PBXNativeTarget "InputExperimentTests" */ = {
			isa = XCConfigurationList;
			buildConfigurations = (
				223ACB992529CEC40096EF54 /* Debug */,
				223ACB9A2529CEC40096EF54 /* Release */,
			);
			defaultConfigurationIsVisible = 0;
			defaultConfigurationName = Release;
		};
		223ACB9B2529CEC40096EF54 /* Build configuration list for PBXNativeTarget "InputExperimentUITests" */ = {
			isa = XCConfigurationList;
			buildConfigurations = (
				223ACB9C2529CEC40096EF54 /* Debug */,
				223ACB9D2529CEC40096EF54 /* Release */,
			);
			defaultConfigurationIsVisible = 0;
			defaultConfigurationName = Release;
		};
/* End XCConfigurationList section */
	};
	rootObject = 223ACB682529CEC30096EF54 /* Project object */;
}
