// !$*UTF8*$!
{
	archiveVersion = 1;
	classes = {
	};
	objectVersion = 52;
	objects = {

/* Begin PBXBuildFile section */
		220609C5252E197A0020834F /* CodeScanner in Frameworks */ = {isa = PBXBuildFile; productRef = 220609C4252E197A0020834F /* CodeScanner */; };
		220609CA252F428D0020834F /* ScanScreen.swift in Sources */ = {isa = PBXBuildFile; fileRef = 220609C9252F428D0020834F /* ScanScreen.swift */; };
		220609D8252F45960020834F /* InputScreen.swift in Sources */ = {isa = PBXBuildFile; fileRef = 220609D7252F45960020834F /* InputScreen.swift */; };
		220609DD252F5F3F0020834F /* PusherSwift in Frameworks */ = {isa = PBXBuildFile; productRef = 220609DC252F5F3F0020834F /* PusherSwift */; };
		220609E2252F5FAD0020834F /* PusherClient.swift in Sources */ = {isa = PBXBuildFile; fileRef = 220609E1252F5FAD0020834F /* PusherClient.swift */; };
		22060A1425306EA40020834F /* Config.swift in Sources */ = {isa = PBXBuildFile; fileRef = 22060A1325306EA40020834F /* Config.swift */; };
		22060A1825307A8F0020834F /* Debug.plist in Resources */ = {isa = PBXBuildFile; fileRef = 22060A1725307A8F0020834F /* Debug.plist */; };
		223ACB742529CEC30096EF54 /* InputExperimentApp.swift in Sources */ = {isa = PBXBuildFile; fileRef = 223ACB732529CEC30096EF54 /* InputExperimentApp.swift */; };
		223ACB762529CEC30096EF54 /* ContentView.swift in Sources */ = {isa = PBXBuildFile; fileRef = 223ACB752529CEC30096EF54 /* ContentView.swift */; };
		223ACB782529CEC40096EF54 /* Assets.xcassets in Resources */ = {isa = PBXBuildFile; fileRef = 223ACB772529CEC40096EF54 /* Assets.xcassets */; };
		223ACB7B2529CEC40096EF54 /* Preview Assets.xcassets in Resources */ = {isa = PBXBuildFile; fileRef = 223ACB7A2529CEC40096EF54 /* Preview Assets.xcassets */; };
		223ACB862529CEC40096EF54 /* InputExperimentTests.swift in Sources */ = {isa = PBXBuildFile; fileRef = 223ACB852529CEC40096EF54 /* InputExperimentTests.swift */; };
		2265CA752531082900694C05 /* Alamofire in Frameworks */ = {isa = PBXBuildFile; productRef = 2265CA742531082900694C05 /* Alamofire */; };
		2265CA79253108B300694C05 /* UserService.swift in Sources */ = {isa = PBXBuildFile; fileRef = 2265CA78253108B300694C05 /* UserService.swift */; };
		2265CA7D25320B4600694C05 /* PusherAuthorizer.swift in Sources */ = {isa = PBXBuildFile; fileRef = 2265CA7C25320B4600694C05 /* PusherAuthorizer.swift */; };
		2291EF1125322CF40042E72F /* MotionService.swift in Sources */ = {isa = PBXBuildFile; fileRef = 2291EF1025322CF40042E72F /* MotionService.swift */; };
		2291EF1525324FE00042E72F /* Message.swift in Sources */ = {isa = PBXBuildFile; fileRef = 2291EF1425324FE00042E72F /* Message.swift */; };
/* End PBXBuildFile section */

/* Begin PBXContainerItemProxy section */
		223ACB822529CEC40096EF54 /* PBXContainerItemProxy */ = {
			isa = PBXContainerItemProxy;
			containerPortal = 223ACB682529CEC30096EF54 /* Project object */;
			proxyType = 1;
			remoteGlobalIDString = 223ACB6F2529CEC30096EF54;
			remoteInfo = InputExperiment;
		};
/* End PBXContainerItemProxy section */

/* Begin PBXFileReference section */
		220609C9252F428D0020834F /* ScanScreen.swift */ = {isa = PBXFileReference; lastKnownFileType = sourcecode.swift; path = ScanScreen.swift; sourceTree = "<group>"; };
		220609D7252F45960020834F /* InputScreen.swift */ = {isa = PBXFileReference; lastKnownFileType = sourcecode.swift; path = InputScreen.swift; sourceTree = "<group>"; };
		220609E1252F5FAD0020834F /* PusherClient.swift */ = {isa = PBXFileReference; lastKnownFileType = sourcecode.swift; path = PusherClient.swift; sourceTree = "<group>"; };
		22060A1325306EA40020834F /* Config.swift */ = {isa = PBXFileReference; lastKnownFileType = sourcecode.swift; path = Config.swift; sourceTree = "<group>"; };
		22060A1725307A8F0020834F /* Debug.plist */ = {isa = PBXFileReference; lastKnownFileType = text.plist.xml; path = Debug.plist; sourceTree = "<group>"; };
		22060A1B25307AF20020834F /* Release.plist */ = {isa = PBXFileReference; lastKnownFileType = text.plist.xml; path = Release.plist; sourceTree = "<group>"; };
		223ACB702529CEC30096EF54 /* InputExperiment.app */ = {isa = PBXFileReference; explicitFileType = wrapper.application; includeInIndex = 0; path = InputExperiment.app; sourceTree = BUILT_PRODUCTS_DIR; };
		223ACB732529CEC30096EF54 /* InputExperimentApp.swift */ = {isa = PBXFileReference; lastKnownFileType = sourcecode.swift; path = InputExperimentApp.swift; sourceTree = "<group>"; };
		223ACB752529CEC30096EF54 /* ContentView.swift */ = {isa = PBXFileReference; lastKnownFileType = sourcecode.swift; path = ContentView.swift; sourceTree = "<group>"; };
		223ACB772529CEC40096EF54 /* Assets.xcassets */ = {isa = PBXFileReference; lastKnownFileType = folder.assetcatalog; path = Assets.xcassets; sourceTree = "<group>"; };
		223ACB7A2529CEC40096EF54 /* Preview Assets.xcassets */ = {isa = PBXFileReference; lastKnownFileType = folder.assetcatalog; path = "Preview Assets.xcassets"; sourceTree = "<group>"; };
		223ACB7C2529CEC40096EF54 /* Info.plist */ = {isa = PBXFileReference; lastKnownFileType = text.plist.xml; path = Info.plist; sourceTree = "<group>"; };
		223ACB812529CEC40096EF54 /* InputExperimentTests.xctest */ = {isa = PBXFileReference; explicitFileType = wrapper.cfbundle; includeInIndex = 0; path = InputExperimentTests.xctest; sourceTree = BUILT_PRODUCTS_DIR; };
		223ACB852529CEC40096EF54 /* InputExperimentTests.swift */ = {isa = PBXFileReference; lastKnownFileType = sourcecode.swift; path = InputExperimentTests.swift; sourceTree = "<group>"; };
		223ACB872529CEC40096EF54 /* Info.plist */ = {isa = PBXFileReference; lastKnownFileType = text.plist.xml; path = Info.plist; sourceTree = "<group>"; };
		2265CA78253108B300694C05 /* UserService.swift */ = {isa = PBXFileReference; lastKnownFileType = sourcecode.swift; path = UserService.swift; sourceTree = "<group>"; };
		2265CA7C25320B4600694C05 /* PusherAuthorizer.swift */ = {isa = PBXFileReference; lastKnownFileType = sourcecode.swift; path = PusherAuthorizer.swift; sourceTree = "<group>"; };
		2291EF1025322CF40042E72F /* MotionService.swift */ = {isa = PBXFileReference; lastKnownFileType = sourcecode.swift; path = MotionService.swift; sourceTree = "<group>"; };
		2291EF1425324FE00042E72F /* Message.swift */ = {isa = PBXFileReference; lastKnownFileType = sourcecode.swift; path = Message.swift; sourceTree = "<group>"; };
/* End PBXFileReference section */

/* Begin PBXFrameworksBuildPhase section */
		223ACB6D2529CEC30096EF54 /* Frameworks */ = {
			isa = PBXFrameworksBuildPhase;
			buildActionMask = 2147483647;
			files = (
				2265CA752531082900694C05 /* Alamofire in Frameworks */,
				220609C5252E197A0020834F /* CodeScanner in Frameworks */,
				220609DD252F5F3F0020834F /* PusherSwift in Frameworks */,
			);
			runOnlyForDeploymentPostprocessing = 0;
		};
		223ACB7E2529CEC40096EF54 /* Frameworks */ = {
			isa = PBXFrameworksBuildPhase;
			buildActionMask = 2147483647;
			files = (
			);
			runOnlyForDeploymentPostprocessing = 0;
		};
/* End PBXFrameworksBuildPhase section */

/* Begin PBXGroup section */
		220609C8252F42760020834F /* Screens */ = {
			isa = PBXGroup;
			children = (
				220609C9252F428D0020834F /* ScanScreen.swift */,
				220609D7252F45960020834F /* InputScreen.swift */,
			);
			path = Screens;
			sourceTree = "<group>";
		};
		220609E0252F5F980020834F /* Services */ = {
			isa = PBXGroup;
			children = (
				220609E1252F5FAD0020834F /* PusherClient.swift */,
				2265CA78253108B300694C05 /* UserService.swift */,
				2265CA7C25320B4600694C05 /* PusherAuthorizer.swift */,
				2291EF1025322CF40042E72F /* MotionService.swift */,
				2291EF1425324FE00042E72F /* Message.swift */,
			);
			path = Services;
			sourceTree = "<group>";
		};
		220609F22530674C0020834F /* Config */ = {
			isa = PBXGroup;
			children = (
				22060A1325306EA40020834F /* Config.swift */,
				22060A1B25307AF20020834F /* Release.plist */,
				22060A1725307A8F0020834F /* Debug.plist */,
			);
			path = Config;
			sourceTree = "<group>";
		};
		223ACB672529CEC30096EF54 = {
			isa = PBXGroup;
			children = (
				223ACB722529CEC30096EF54 /* InputExperiment */,
				223ACB842529CEC40096EF54 /* InputExperimentTests */,
				223ACB712529CEC30096EF54 /* Products */,
			);
			sourceTree = "<group>";
		};
		223ACB712529CEC30096EF54 /* Products */ = {
			isa = PBXGroup;
			children = (
				223ACB702529CEC30096EF54 /* InputExperiment.app */,
				223ACB812529CEC40096EF54 /* InputExperimentTests.xctest */,
			);
			name = Products;
			sourceTree = "<group>";
		};
		223ACB722529CEC30096EF54 /* InputExperiment */ = {
			isa = PBXGroup;
			children = (
				220609F22530674C0020834F /* Config */,
				220609E0252F5F980020834F /* Services */,
				220609C8252F42760020834F /* Screens */,
				223ACB732529CEC30096EF54 /* InputExperimentApp.swift */,
				223ACB752529CEC30096EF54 /* ContentView.swift */,
				223ACB772529CEC40096EF54 /* Assets.xcassets */,
				223ACB7C2529CEC40096EF54 /* Info.plist */,
				223ACB792529CEC40096EF54 /* Preview Content */,
			);
			path = InputExperiment;
			sourceTree = "<group>";
		};
		223ACB792529CEC40096EF54 /* Preview Content */ = {
			isa = PBXGroup;
			children = (
				223ACB7A2529CEC40096EF54 /* Preview Assets.xcassets */,
			);
			path = "Preview Content";
			sourceTree = "<group>";
		};
		223ACB842529CEC40096EF54 /* InputExperimentTests */ = {
			isa = PBXGroup;
			children = (
				223ACB852529CEC40096EF54 /* InputExperimentTests.swift */,
				223ACB872529CEC40096EF54 /* Info.plist */,
			);
			path = InputExperimentTests;
			sourceTree = "<group>";
		};
/* End PBXGroup section */

/* Begin PBXNativeTarget section */
		223ACB6F2529CEC30096EF54 /* InputExperiment */ = {
			isa = PBXNativeTarget;
			buildConfigurationList = 223ACB952529CEC40096EF54 /* Build configuration list for PBXNativeTarget "InputExperiment" */;
			buildPhases = (
				223ACB6C2529CEC30096EF54 /* Sources */,
				223ACB6D2529CEC30096EF54 /* Frameworks */,
				223ACB6E2529CEC30096EF54 /* Resources */,
			);
			buildRules = (
			);
			dependencies = (
			);
			name = InputExperiment;
			packageProductDependencies = (
				220609C4252E197A0020834F /* CodeScanner */,
				220609DC252F5F3F0020834F /* PusherSwift */,
				2265CA742531082900694C05 /* Alamofire */,
			);
			productName = InputExperiment;
			productReference = 223ACB702529CEC30096EF54 /* InputExperiment.app */;
			productType = "com.apple.product-type.application";
		};
		223ACB802529CEC40096EF54 /* InputExperimentTests */ = {
			isa = PBXNativeTarget;
			buildConfigurationList = 223ACB982529CEC40096EF54 /* Build configuration list for PBXNativeTarget "InputExperimentTests" */;
			buildPhases = (
				223ACB7D2529CEC40096EF54 /* Sources */,
				223ACB7E2529CEC40096EF54 /* Frameworks */,
				223ACB7F2529CEC40096EF54 /* Resources */,
			);
			buildRules = (
			);
			dependencies = (
				223ACB832529CEC40096EF54 /* PBXTargetDependency */,
			);
			name = InputExperimentTests;
			productName = InputExperimentTests;
			productReference = 223ACB812529CEC40096EF54 /* InputExperimentTests.xctest */;
			productType = "com.apple.product-type.bundle.unit-test";
		};
/* End PBXNativeTarget section */

/* Begin PBXProject section */
		223ACB682529CEC30096EF54 /* Project object */ = {
			isa = PBXProject;
			attributes = {
				LastSwiftUpdateCheck = 1200;
				LastUpgradeCheck = 1200;
				TargetAttributes = {
					223ACB6F2529CEC30096EF54 = {
						CreatedOnToolsVersion = 12.0.1;
					};
					223ACB802529CEC40096EF54 = {
						CreatedOnToolsVersion = 12.0.1;
						TestTargetID = 223ACB6F2529CEC30096EF54;
					};
				};
			};
			buildConfigurationList = 223ACB6B2529CEC30096EF54 /* Build configuration list for PBXProject "InputExperiment" */;
			compatibilityVersion = "Xcode 9.3";
			developmentRegion = en;
			hasScannedForEncodings = 0;
			knownRegions = (
				en,
				Base,
			);
			mainGroup = 223ACB672529CEC30096EF54;
			packageReferences = (
				220609C3252E197A0020834F /* XCRemoteSwiftPackageReference "CodeScanner" */,
				220609DB252F5F3F0020834F /* XCRemoteSwiftPackageReference "pusher-websocket-swift" */,
				2265CA732531082900694C05 /* XCRemoteSwiftPackageReference "Alamofire" */,
			);
			productRefGroup = 223ACB712529CEC30096EF54 /* Products */;
			projectDirPath = "";
			projectRoot = "";
			targets = (
				223ACB6F2529CEC30096EF54 /* InputExperiment */,
				223ACB802529CEC40096EF54 /* InputExperimentTests */,
			);
		};
/* End PBXProject section */

/* Begin PBXResourcesBuildPhase section */
		223ACB6E2529CEC30096EF54 /* Resources */ = {
			isa = PBXResourcesBuildPhase;
			buildActionMask = 2147483647;
			files = (
				223ACB7B2529CEC40096EF54 /* Preview Assets.xcassets in Resources */,
				22060A1825307A8F0020834F /* Debug.plist in Resources */,
				223ACB782529CEC40096EF54 /* Assets.xcassets in Resources */,
			);
			runOnlyForDeploymentPostprocessing = 0;
		};
		223ACB7F2529CEC40096EF54 /* Resources */ = {
			isa = PBXResourcesBuildPhase;
			buildActionMask = 2147483647;
			files = (
			);
			runOnlyForDeploymentPostprocessing = 0;
		};
/* End PBXResourcesBuildPhase section */

/* Begin PBXSourcesBuildPhase section */
		223ACB6C2529CEC30096EF54 /* Sources */ = {
			isa = PBXSourcesBuildPhase;
			buildActionMask = 2147483647;
			files = (
				2265CA79253108B300694C05 /* UserService.swift in Sources */,
				220609D8252F45960020834F /* InputScreen.swift in Sources */,
				223ACB762529CEC30096EF54 /* ContentView.swift in Sources */,
				220609E2252F5FAD0020834F /* PusherClient.swift in Sources */,
				223ACB742529CEC30096EF54 /* InputExperimentApp.swift in Sources */,
				2291EF1125322CF40042E72F /* MotionService.swift in Sources */,
				2265CA7D25320B4600694C05 /* PusherAuthorizer.swift in Sources */,
				2291EF1525324FE00042E72F /* Message.swift in Sources */,
				220609CA252F428D0020834F /* ScanScreen.swift in Sources */,
				22060A1425306EA40020834F /* Config.swift in Sources */,
			);
			runOnlyForDeploymentPostprocessing = 0;
		};
		223ACB7D2529CEC40096EF54 /* Sources */ = {
			isa = PBXSourcesBuildPhase;
			buildActionMask = 2147483647;
			files = (
				223ACB862529CEC40096EF54 /* InputExperimentTests.swift in Sources */,
			);
			runOnlyForDeploymentPostprocessing = 0;
		};
/* End PBXSourcesBuildPhase section */

/* Begin PBXTargetDependency section */
		223ACB832529CEC40096EF54 /* PBXTargetDependency */ = {
			isa = PBXTargetDependency;
			target = 223ACB6F2529CEC30096EF54 /* InputExperiment */;
			targetProxy = 223ACB822529CEC40096EF54 /* PBXContainerItemProxy */;
		};
/* End PBXTargetDependency section */

/* Begin XCBuildConfiguration section */
		220609E7253066830020834F /* Release */ = {
			isa = XCBuildConfiguration;
			buildSettings = {
				ALWAYS_SEARCH_USER_PATHS = NO;
				CLANG_ANALYZER_NONNULL = YES;
				CLANG_ANALYZER_NUMBER_OBJECT_CONVERSION = YES_AGGRESSIVE;
				CLANG_CXX_LANGUAGE_STANDARD = "gnu++14";
				CLANG_CXX_LIBRARY = "libc++";
				CLANG_ENABLE_MODULES = YES;
				CLANG_ENABLE_OBJC_ARC = YES;
				CLANG_ENABLE_OBJC_WEAK = YES;
				CLANG_WARN_BLOCK_CAPTURE_AUTORELEASING = YES;
				CLANG_WARN_BOOL_CONVERSION = YES;
				CLANG_WARN_COMMA = YES;
				CLANG_WARN_CONSTANT_CONVERSION = YES;
				CLANG_WARN_DEPRECATED_OBJC_IMPLEMENTATIONS = YES;
				CLANG_WARN_DIRECT_OBJC_ISA_USAGE = YES_ERROR;
				CLANG_WARN_DOCUMENTATION_COMMENTS = YES;
				CLANG_WARN_EMPTY_BODY = YES;
				CLANG_WARN_ENUM_CONVERSION = YES;
				CLANG_WARN_INFINITE_RECURSION = YES;
				CLANG_WARN_INT_CONVERSION = YES;
				CLANG_WARN_NON_LITERAL_NULL_CONVERSION = YES;
				CLANG_WARN_OBJC_IMPLICIT_RETAIN_SELF = YES;
				CLANG_WARN_OBJC_LITERAL_CONVERSION = YES;
				CLANG_WARN_OBJC_ROOT_CLASS = YES_ERROR;
				CLANG_WARN_QUOTED_INCLUDE_IN_FRAMEWORK_HEADER = YES;
				CLANG_WARN_RANGE_LOOP_ANALYSIS = YES;
				CLANG_WARN_STRICT_PROTOTYPES = YES;
				CLANG_WARN_SUSPICIOUS_MOVE = YES;
				CLANG_WARN_UNGUARDED_AVAILABILITY = YES_AGGRESSIVE;
				CLANG_WARN_UNREACHABLE_CODE = YES;
				CLANG_WARN__DUPLICATE_METHOD_MATCH = YES;
				COPY_PHASE_STRIP = NO;
				DEBUG_INFORMATION_FORMAT = "dwarf-with-dsym";
				ENABLE_NS_ASSERTIONS = NO;
				ENABLE_STRICT_OBJC_MSGSEND = YES;
				GCC_C_LANGUAGE_STANDARD = gnu11;
				GCC_NO_COMMON_BLOCKS = YES;
				GCC_WARN_64_TO_32_BIT_CONVERSION = YES;
				GCC_WARN_ABOUT_RETURN_TYPE = YES_ERROR;
				GCC_WARN_UNDECLARED_SELECTOR = YES;
				GCC_WARN_UNINITIALIZED_AUTOS = YES_AGGRESSIVE;
				GCC_WARN_UNUSED_FUNCTION = YES;
				GCC_WARN_UNUSED_VARIABLE = YES;
				IPHONEOS_DEPLOYMENT_TARGET = 14.0;
				MTL_ENABLE_DEBUG_INFO = NO;
				MTL_FAST_MATH = YES;
				SDKROOT = iphoneos;
				SWIFT_COMPILATION_MODE = wholemodule;
				SWIFT_OPTIMIZATION_LEVEL = "-O";
				VALIDATE_PRODUCT = YES;
			};
			name = Release;
		};
		220609E8253066830020834F /* Release */ = {
			isa = XCBuildConfiguration;
			buildSettings = {
				ASSETCATALOG_COMPILER_APPICON_NAME = AppIcon;
				ASSETCATALOG_COMPILER_GLOBAL_ACCENT_COLOR_NAME = AccentColor;
				CODE_SIGN_STYLE = Automatic;
				DEVELOPMENT_ASSET_PATHS = "\"InputExperiment/Preview Content\"";
				DEVELOPMENT_TEAM = SZR99J9ZFT;
				ENABLE_PREVIEWS = YES;
				INFOPLIST_FILE = InputExperiment/Info.plist;
				IPHONEOS_DEPLOYMENT_TARGET = 14.0;
				LD_RUNPATH_SEARCH_PATHS = (
					"$(inherited)",
					"@executable_path/Frameworks",
				);
				PRODUCT_BUNDLE_IDENTIFIER = com.samgarson.InputExperiment;
				PRODUCT_NAME = "$(TARGET_NAME)";
				SWIFT_VERSION = 5.0;
				TARGETED_DEVICE_FAMILY = "1,2";
			};
			name = Release;
		};
		220609E9253066830020834F /* Release */ = {
			isa = XCBuildConfiguration;
			buildSettings = {
				ALWAYS_EMBED_SWIFT_STANDARD_LIBRARIES = YES;
				BUNDLE_LOADER = "$(TEST_HOST)";
				CODE_SIGN_STYLE = Automatic;
				DEVELOPMENT_TEAM = SZR99J9ZFT;
				INFOPLIST_FILE = InputExperimentTests/Info.plist;
				IPHONEOS_DEPLOYMENT_TARGET = 14.0;
				LD_RUNPATH_SEARCH_PATHS = (
					"$(inherited)",
					"@executable_path/Frameworks",
					"@loader_path/Frameworks",
				);
				PRODUCT_BUNDLE_IDENTIFIER = com.samgarson.InputExperimentTests;
				PRODUCT_NAME = "$(TARGET_NAME)";
				SWIFT_VERSION = 5.0;
				TARGETED_DEVICE_FAMILY = "1,2";
				TEST_HOST = "$(BUILT_PRODUCTS_DIR)/InputExperiment.app/InputExperiment";
			};
			name = Release;
		};
		223ACB932529CEC40096EF54 /* Debug */ = {
			isa = XCBuildConfiguration;
			buildSettings = {
				ALWAYS_SEARCH_USER_PATHS = NO;
				CLANG_ANALYZER_NONNULL = YES;
				CLANG_ANALYZER_NUMBER_OBJECT_CONVERSION = YES_AGGRESSIVE;
				CLANG_CXX_LANGUAGE_STANDARD = "gnu++14";
				CLANG_CXX_LIBRARY = "libc++";
				CLANG_ENABLE_MODULES = YES;
				CLANG_ENABLE_OBJC_ARC = YES;
				CLANG_ENABLE_OBJC_WEAK = YES;
				CLANG_WARN_BLOCK_CAPTURE_AUTORELEASING = YES;
				CLANG_WARN_BOOL_CONVERSION = YES;
				CLANG_WARN_COMMA = YES;
				CLANG_WARN_CONSTANT_CONVERSION = YES;
				CLANG_WARN_DEPRECATED_OBJC_IMPLEMENTATIONS = YES;
				CLANG_WARN_DIRECT_OBJC_ISA_USAGE = YES_ERROR;
				CLANG_WARN_DOCUMENTATION_COMMENTS = YES;
				CLANG_WARN_EMPTY_BODY = YES;
				CLANG_WARN_ENUM_CONVERSION = YES;
				CLANG_WARN_INFINITE_RECURSION = YES;
				CLANG_WARN_INT_CONVERSION = YES;
				CLANG_WARN_NON_LITERAL_NULL_CONVERSION = YES;
				CLANG_WARN_OBJC_IMPLICIT_RETAIN_SELF = YES;
				CLANG_WARN_OBJC_LITERAL_CONVERSION = YES;
				CLANG_WARN_OBJC_ROOT_CLASS = YES_ERROR;
				CLANG_WARN_QUOTED_INCLUDE_IN_FRAMEWORK_HEADER = YES;
				CLANG_WARN_RANGE_LOOP_ANALYSIS = YES;
				CLANG_WARN_STRICT_PROTOTYPES = YES;
				CLANG_WARN_SUSPICIOUS_MOVE = YES;
				CLANG_WARN_UNGUARDED_AVAILABILITY = YES_AGGRESSIVE;
				CLANG_WARN_UNREACHABLE_CODE = YES;
				CLANG_WARN__DUPLICATE_METHOD_MATCH = YES;
				COPY_PHASE_STRIP = NO;
				DEBUG_INFORMATION_FORMAT = dwarf;
				ENABLE_STRICT_OBJC_MSGSEND = YES;
				ENABLE_TESTABILITY = YES;
				GCC_C_LANGUAGE_STANDARD = gnu11;
				GCC_DYNAMIC_NO_PIC = NO;
				GCC_NO_COMMON_BLOCKS = YES;
				GCC_OPTIMIZATION_LEVEL = 0;
				GCC_PREPROCESSOR_DEFINITIONS = (
					"DEBUG=1",
					"$(inherited)",
				);
				GCC_WARN_64_TO_32_BIT_CONVERSION = YES;
				GCC_WARN_ABOUT_RETURN_TYPE = YES_ERROR;
				GCC_WARN_UNDECLARED_SELECTOR = YES;
				GCC_WARN_UNINITIALIZED_AUTOS = YES_AGGRESSIVE;
				GCC_WARN_UNUSED_FUNCTION = YES;
				GCC_WARN_UNUSED_VARIABLE = YES;
				IPHONEOS_DEPLOYMENT_TARGET = 14.0;
				MTL_ENABLE_DEBUG_INFO = INCLUDE_SOURCE;
				MTL_FAST_MATH = YES;
				ONLY_ACTIVE_ARCH = YES;
				SDKROOT = iphoneos;
				SWIFT_ACTIVE_COMPILATION_CONDITIONS = DEBUG;
				SWIFT_OPTIMIZATION_LEVEL = "-Onone";
			};
			name = Debug;
		};
		223ACB962529CEC40096EF54 /* Debug */ = {
			isa = XCBuildConfiguration;
			buildSettings = {
				ASSETCATALOG_COMPILER_APPICON_NAME = AppIcon;
				ASSETCATALOG_COMPILER_GLOBAL_ACCENT_COLOR_NAME = AccentColor;
				CODE_SIGN_STYLE = Automatic;
				DEVELOPMENT_ASSET_PATHS = "\"InputExperiment/Preview Content\"";
				DEVELOPMENT_TEAM = SZR99J9ZFT;
				ENABLE_PREVIEWS = YES;
				INFOPLIST_FILE = InputExperiment/Info.plist;
				IPHONEOS_DEPLOYMENT_TARGET = 14.0;
				LD_RUNPATH_SEARCH_PATHS = (
					"$(inherited)",
					"@executable_path/Frameworks",
				);
				PRODUCT_BUNDLE_IDENTIFIER = com.samgarson.InputExperiment;
				PRODUCT_NAME = "$(TARGET_NAME)";
				SWIFT_VERSION = 5.0;
				TARGETED_DEVICE_FAMILY = "1,2";
			};
			name = Debug;
		};
		223ACB992529CEC40096EF54 /* Debug */ = {
			isa = XCBuildConfiguration;
			buildSettings = {
				ALWAYS_EMBED_SWIFT_STANDARD_LIBRARIES = YES;
				BUNDLE_LOADER = "$(TEST_HOST)";
				CODE_SIGN_STYLE = Automatic;
				DEVELOPMENT_TEAM = SZR99J9ZFT;
				INFOPLIST_FILE = InputExperimentTests/Info.plist;
				IPHONEOS_DEPLOYMENT_TARGET = 14.0;
				LD_RUNPATH_SEARCH_PATHS = (
					"$(inherited)",
					"@executable_path/Frameworks",
					"@loader_path/Frameworks",
				);
				PRODUCT_BUNDLE_IDENTIFIER = com.samgarson.InputExperimentTests;
				PRODUCT_NAME = "$(TARGET_NAME)";
				SWIFT_VERSION = 5.0;
				TARGETED_DEVICE_FAMILY = "1,2";
				TEST_HOST = "$(BUILT_PRODUCTS_DIR)/InputExperiment.app/InputExperiment";
			};
			name = Debug;
		};
/* End XCBuildConfiguration section */

/* Begin XCConfigurationList section */
		223ACB6B2529CEC30096EF54 /* Build configuration list for PBXProject "InputExperiment" */ = {
			isa = XCConfigurationList;
			buildConfigurations = (
				223ACB932529CEC40096EF54 /* Debug */,
				220609E7253066830020834F /* Release */,
			);
			defaultConfigurationIsVisible = 0;
			defaultConfigurationName = Debug;
		};
		223ACB952529CEC40096EF54 /* Build configuration list for PBXNativeTarget "InputExperiment" */ = {
			isa = XCConfigurationList;
			buildConfigurations = (
				223ACB962529CEC40096EF54 /* Debug */,
				220609E8253066830020834F /* Release */,
			);
			defaultConfigurationIsVisible = 0;
			defaultConfigurationName = Debug;
		};
		223ACB982529CEC40096EF54 /* Build configuration list for PBXNativeTarget "InputExperimentTests" */ = {
			isa = XCConfigurationList;
			buildConfigurations = (
				223ACB992529CEC40096EF54 /* Debug */,
				220609E9253066830020834F /* Release */,
			);
			defaultConfigurationIsVisible = 0;
			defaultConfigurationName = Debug;
		};
/* End XCConfigurationList section */

/* Begin XCRemoteSwiftPackageReference section */
		220609C3252E197A0020834F /* XCRemoteSwiftPackageReference "CodeScanner" */ = {
			isa = XCRemoteSwiftPackageReference;
			repositoryURL = "https://github.com/twostraws/CodeScanner";
			requirement = {
				kind = upToNextMajorVersion;
				minimumVersion = 1.0.6;
			};
		};
		220609DB252F5F3F0020834F /* XCRemoteSwiftPackageReference "pusher-websocket-swift" */ = {
			isa = XCRemoteSwiftPackageReference;
			repositoryURL = "https://github.com/pusher/pusher-websocket-swift.git";
			requirement = {
				kind = upToNextMajorVersion;
				minimumVersion = 8.0.0;
			};
		};
		2265CA732531082900694C05 /* XCRemoteSwiftPackageReference "Alamofire" */ = {
			isa = XCRemoteSwiftPackageReference;
			repositoryURL = "https://github.com/Alamofire/Alamofire.git";
			requirement = {
				kind = upToNextMajorVersion;
				minimumVersion = 5.2.2;
			};
		};
/* End XCRemoteSwiftPackageReference section */

/* Begin XCSwiftPackageProductDependency section */
		220609C4252E197A0020834F /* CodeScanner */ = {
			isa = XCSwiftPackageProductDependency;
			package = 220609C3252E197A0020834F /* XCRemoteSwiftPackageReference "CodeScanner" */;
			productName = CodeScanner;
		};
		220609DC252F5F3F0020834F /* PusherSwift */ = {
			isa = XCSwiftPackageProductDependency;
			package = 220609DB252F5F3F0020834F /* XCRemoteSwiftPackageReference "pusher-websocket-swift" */;
			productName = PusherSwift;
		};
		2265CA742531082900694C05 /* Alamofire */ = {
			isa = XCSwiftPackageProductDependency;
			package = 2265CA732531082900694C05 /* XCRemoteSwiftPackageReference "Alamofire" */;
			productName = Alamofire;
		};
/* End XCSwiftPackageProductDependency section */
	};
	rootObject = 223ACB682529CEC30096EF54 /* Project object */;
}
